
Microsoft Visual Studio Solution File, Format Version 12.00
# Visual Studio Version 17
VisualStudioVersion = 17.5.33414.496
MinimumVisualStudioVersion = 10.0.40219.1
Project("{9A19103F-16F7-4668-BE54-9A1E7A4F7556}") = "DotaMarket.Api", "DotaMarket.Api\DotaMarket.Api.csproj", "{58D07EE0-0BBF-4605-A04B-ECF8257251FE}"
	ProjectSection(ProjectDependencies) = postProject
		{A3D311B8-6677-4881-8A3D-3E435FF6215A} = {A3D311B8-6677-4881-8A3D-3E435FF6215A}
	EndProjectSection
EndProject
Project("{9A19103F-16F7-4668-BE54-9A1E7A4F7556}") = "DotaMarket.DataLayer", "DotaMarket.DataLayer\DotaMarket.DataLayer.csproj", "{1BBFF045-FEE5-4A0A-9751-5C871BBC04C4}"
EndProject
Project("{9A19103F-16F7-4668-BE54-9A1E7A4F7556}") = "DotaMarket.Contracts", "DotaMarket.Contracts\DotaMarket.Contracts.csproj", "{A3D311B8-6677-4881-8A3D-3E435FF6215A}"
EndProject
Project("{FAE04EC0-301F-11D3-BF4B-00C04F79EFBC}") = "DotaMarket.DataLayer.Tests", "DotaMarket.DataLayer.Tests\DotaMarket.DataLayer.Tests.csproj", "{952D1E3F-6DA3-4446-9D35-BBB42E67816A}"
EndProject
Global
	GlobalSection(SolutionConfigurationPlatforms) = preSolution
		Debug|Any CPU = Debug|Any CPU
		Release|Any CPU = Release|Any CPU
	EndGlobalSection
	GlobalSection(ProjectConfigurationPlatforms) = postSolution
		{58D07EE0-0BBF-4605-A04B-ECF8257251FE}.Debug|Any CPU.ActiveCfg = Debug|Any CPU
		{58D07EE0-0BBF-4605-A04B-ECF8257251FE}.Debug|Any CPU.Build.0 = Debug|Any CPU
		{58D07EE0-0BBF-4605-A04B-ECF8257251FE}.Release|Any CPU.ActiveCfg = Release|Any CPU
		{58D07EE0-0BBF-4605-A04B-ECF8257251FE}.Release|Any CPU.Build.0 = Release|Any CPU
		{1BBFF045-FEE5-4A0A-9751-5C871BBC04C4}.Debug|Any CPU.ActiveCfg = Debug|Any CPU
		{1BBFF045-FEE5-4A0A-9751-5C871BBC04C4}.Debug|Any CPU.Build.0 = Debug|Any CPU
		{1BBFF045-FEE5-4A0A-9751-5C871BBC04C4}.Release|Any CPU.ActiveCfg = Release|Any CPU
		{1BBFF045-FEE5-4A0A-9751-5C871BBC04C4}.Release|Any CPU.Build.0 = Release|Any CPU
		{A3D311B8-6677-4881-8A3D-3E435FF6215A}.Debug|Any CPU.ActiveCfg = Debug|Any CPU
		{A3D311B8-6677-4881-8A3D-3E435FF6215A}.Debug|Any CPU.Build.0 = Debug|Any CPU
		{A3D311B8-6677-4881-8A3D-3E435FF6215A}.Release|Any CPU.ActiveCfg = Release|Any CPU
		{A3D311B8-6677-4881-8A3D-3E435FF6215A}.Release|Any CPU.Build.0 = Release|Any CPU
		{952D1E3F-6DA3-4446-9D35-BBB42E67816A}.Debug|Any CPU.ActiveCfg = Debug|Any CPU
		{952D1E3F-6DA3-4446-9D35-BBB42E67816A}.Debug|Any CPU.Build.0 = Debug|Any CPU
		{952D1E3F-6DA3-4446-9D35-BBB42E67816A}.Release|Any CPU.ActiveCfg = Release|Any CPU
		{952D1E3F-6DA3-4446-9D35-BBB42E67816A}.Release|Any CPU.Build.0 = Release|Any CPU
	EndGlobalSection
	GlobalSection(SolutionProperties) = preSolution
		HideSolutionNode = FALSE
	EndGlobalSection
	GlobalSection(ExtensibilityGlobals) = postSolution
		SolutionGuid = {A0233AD1-0A0A-4262-AF95-9839A4107082}
	EndGlobalSection
EndGlobal
